
Microsoft Visual Studio Solution File, Format Version 12.00
# Visual Studio Version 17
VisualStudioVersion = 17.14.36401.2 d17.14
MinimumVisualStudioVersion = 10.0.40219.1
Project("{FAE04EC0-301F-11D3-BF4B-00C04F79EFBC}") = "SimpleAppium", "SimpleAppium.csproj", "{B24A2F0B-6D70-4B3C-AE3F-3AD715632DDA}"
EndProject
Global
	GlobalSection(SolutionConfigurationPlatforms) = preSolution
		Debug|Any CPU = Debug|Any CPU
		Release|Any CPU = Release|Any CPU
	EndGlobalSection
	GlobalSection(ProjectConfigurationPlatforms) = postSolution
		{B24A2F0B-6D70-4B3C-AE3F-3AD715632DDA}.Debug|Any CPU.ActiveCfg = Debug|Any CPU
		{B24A2F0B-6D70-4B3C-AE3F-3AD715632DDA}.Debug|Any CPU.Build.0 = Debug|Any CPU
		{B24A2F0B-6D70-4B3C-AE3F-3AD715632DDA}.Release|Any CPU.ActiveCfg = Release|Any CPU
		{B24A2F0B-6D70-4B3C-AE3F-3AD715632DDA}.Release|Any CPU.Build.0 = Release|Any CPU
	EndGlobalSection
	GlobalSection(SolutionProperties) = preSolution
		HideSolutionNode = FALSE
	EndGlobalSection
	GlobalSection(ExtensibilityGlobals) = postSolution
		SolutionGuid = {B4F779D0-AE34-4828-8D9C-88A5BB6562DC}
	EndGlobalSection
EndGlobal
